
Microsoft Visual Studio Solution File, Format Version 12.00
# Visual Studio 15
VisualStudioVersion = 15.0.27130.2036
MinimumVisualStudioVersion = 10.0.40219.1
Project("{FAE04EC0-301F-11D3-BF4B-00C04F79EFBC}") = "SevenZip", "SevenZip\SevenZip.csproj", "{4960DD14-3431-47EC-B9D9-9D2730A98DC3}"
EndProject
Project("{FAE04EC0-301F-11D3-BF4B-00C04F79EFBC}") = "SevenZipTestForms", "SevenZipTestForms\SevenZipTestForms.csproj", "{F87D341F-98B8-46B5-9794-880EB0649781}"
EndProject
Project("{FAE04EC0-301F-11D3-BF4B-00C04F79EFBC}") = "SevenZipTests", "SevenZipTests\SevenZipTests.csproj", "{67192E62-C7FE-485F-BEC4-05734A943FAA}"
EndProject
Project("{2150E333-8FDC-42A3-9474-1A3956D46DE8}") = "Solution Items", "Solution Items", "{043464C6-413E-4D0F-8A43-B23F674B1804}"
	ProjectSection(SolutionItems) = preProject
		nuget.config = nuget.config
	EndProjectSection
EndProject
Global
	GlobalSection(SolutionConfigurationPlatforms) = preSolution
		Debug|Any CPU = Debug|Any CPU
		Release|Any CPU = Release|Any CPU
	EndGlobalSection
	GlobalSection(ProjectConfigurationPlatforms) = postSolution
		{4960DD14-3431-47EC-B9D9-9D2730A98DC3}.Debug|Any CPU.ActiveCfg = Debug|Any CPU
		{4960DD14-3431-47EC-B9D9-9D2730A98DC3}.Debug|Any CPU.Build.0 = Debug|Any CPU
		{4960DD14-3431-47EC-B9D9-9D2730A98DC3}.Release|Any CPU.ActiveCfg = Release|Any CPU
		{4960DD14-3431-47EC-B9D9-9D2730A98DC3}.Release|Any CPU.Build.0 = Release|Any CPU
		{F87D341F-98B8-46B5-9794-880EB0649781}.Debug|Any CPU.ActiveCfg = Debug|Any CPU
		{F87D341F-98B8-46B5-9794-880EB0649781}.Debug|Any CPU.Build.0 = Debug|Any CPU
		{F87D341F-98B8-46B5-9794-880EB0649781}.Release|Any CPU.ActiveCfg = Release|Any CPU
		{F87D341F-98B8-46B5-9794-880EB0649781}.Release|Any CPU.Build.0 = Release|Any CPU
		{67192E62-C7FE-485F-BEC4-05734A943FAA}.Debug|Any CPU.ActiveCfg = Debug|Any CPU
		{67192E62-C7FE-485F-BEC4-05734A943FAA}.Debug|Any CPU.Build.0 = Debug|Any CPU
		{67192E62-C7FE-485F-BEC4-05734A943FAA}.Release|Any CPU.ActiveCfg = Release|Any CPU
		{67192E62-C7FE-485F-BEC4-05734A943FAA}.Release|Any CPU.Build.0 = Release|Any CPU
	EndGlobalSection
	GlobalSection(SolutionProperties) = preSolution
		HideSolutionNode = FALSE
	EndGlobalSection
	GlobalSection(ExtensibilityGlobals) = postSolution
		SolutionGuid = {19073074-52EC-4B1E-921D-3DCD50092504}
	EndGlobalSection
EndGlobal
